
Microsoft Visual Studio Solution File, Format Version 12.00
# Visual Studio Version 16
VisualStudioVersion = 16.0.30128.74
MinimumVisualStudioVersion = 10.0.40219.1
Project("{FAE04EC0-301F-11D3-BF4B-00C04F79EFBC}") = "DevHobby.BLL", "DevHobby.BLL\DevHobby.BLL.csproj", "{2411579C-A8F7-4ECA-A8FB-0D71DB1C9187}"
EndProject
Global
	GlobalSection(SolutionConfigurationPlatforms) = preSolution
		Debug|Any CPU = Debug|Any CPU
		Release|Any CPU = Release|Any CPU
	EndGlobalSection
	GlobalSection(ProjectConfigurationPlatforms) = postSolution
		{2411579C-A8F7-4ECA-A8FB-0D71DB1C9187}.Debug|Any CPU.ActiveCfg = Debug|Any CPU
		{2411579C-A8F7-4ECA-A8FB-0D71DB1C9187}.Debug|Any CPU.Build.0 = Debug|Any CPU
		{2411579C-A8F7-4ECA-A8FB-0D71DB1C9187}.Release|Any CPU.ActiveCfg = Release|Any CPU
		{2411579C-A8F7-4ECA-A8FB-0D71DB1C9187}.Release|Any CPU.Build.0 = Release|Any CPU
	EndGlobalSection
	GlobalSection(SolutionProperties) = preSolution
		HideSolutionNode = FALSE
	EndGlobalSection
	GlobalSection(ExtensibilityGlobals) = postSolution
		SolutionGuid = {8AB446C1-782E-4D9F-B6FF-881EEE84DB84}
	EndGlobalSection
EndGlobal
